
Microsoft Visual Studio Solution File, Format Version 12.00
# Visual Studio Version 17
VisualStudioVersion = 17.4.33205.214
MinimumVisualStudioVersion = 10.0.40219.1
Project("{9A19103F-16F7-4668-BE54-9A1E7A4F7556}") = "PaperInsight", "PaperInsight.csproj", "{218F36C2-25E9-41F3-A1E9-5CB3223942D3}"
EndProject
Global
	GlobalSection(SolutionConfigurationPlatforms) = preSolution
		Debug|Any CPU = Debug|Any CPU
		Release|Any CPU = Release|Any CPU
	EndGlobalSection
	GlobalSection(ProjectConfigurationPlatforms) = postSolution
		{218F36C2-25E9-41F3-A1E9-5CB3223942D3}.Debug|Any CPU.ActiveCfg = Debug|Any CPU
		{218F36C2-25E9-41F3-A1E9-5CB3223942D3}.Debug|Any CPU.Build.0 = Debug|Any CPU
		{218F36C2-25E9-41F3-A1E9-5CB3223942D3}.Release|Any CPU.ActiveCfg = Release|Any CPU
		{218F36C2-25E9-41F3-A1E9-5CB3223942D3}.Release|Any CPU.Build.0 = Release|Any CPU
	EndGlobalSection
	GlobalSection(SolutionProperties) = preSolution
		HideSolutionNode = FALSE
	EndGlobalSection
	GlobalSection(ExtensibilityGlobals) = postSolution
		SolutionGuid = {78746334-005B-46D3-A2DD-F4D8329E73A1}
	EndGlobalSection
EndGlobal
